{
  "originHash" : "3b67f3a8cfc04436fa2a366e8baea6d0003960518be2c3f32d0a78f3a43c85d4",
  "pins" : [
    {
      "identity" : "bezelnotification",
      "kind" : "remoteSourceControl",
      "location" : "https://github.com/Yalir/BezelNotification.git",
      "state" : {
        "revision" : "68876d0e8c0ad09e0a1be8e7124b4f6c738df2c9",
        "version" : "1.1.0"
      }
    },
    {
      "identity" : "extensionkit",
      "kind" : "remoteSourceControl",
      "location" : "https://github.com/johnbean393/ExtensionKit",
      "state" : {
        "branch" : "main",
        "revision" : "b7dc5839ec39dd1deef59b54798a7da1bed31557"
      }
    },
    {
      "identity" : "keyboardshortcuts",
      "kind" : "remoteSourceControl",
      "location" : "https://github.com/sindresorhus/KeyboardShortcuts",
      "state" : {
        "revision" : "2e5f15581fefb821d4b366e57d817be8bf12aa58",
        "version" : "2.0.1"
      }
    },
    {
      "identity" : "launchatlogin-modern",
      "kind" : "remoteSourceControl",
      "location" : "https://github.com/sindresorhus/LaunchAtLogin-Modern",
      "state" : {
        "branch" : "main",
        "revision" : "a04ec1c363be3627734f6dad757d82f5d4fa8fcc"
      }
    }
  ],
  "version" : 3
}
