// !$*UTF8*$!
{
	archiveVersion = 1;
	classes = {
	};
	objectVersion = 60;
	objects = {

/* Begin PBXBuildFile section */
		20382A862C9976580020F095 /* Preview Assets.xcassets in Resources */ = {isa = PBXBuildFile; fileRef = 20382A712C9976580020F095 /* Preview Assets.xcassets */; };
		20382A872C9976580020F095 /* Assets.xcassets in Resources */ = {isa = PBXBuildFile; fileRef = 20382A812C9976580020F095 /* Assets.xcassets */; };
		20382A892C9976580020F095 /* Extension+Angle.swift in Sources */ = {isa = PBXBuildFile; fileRef = 20382A602C9976580020F095 /* Extension+Angle.swift */; };
		20382A8A2C9976580020F095 /* Extension+KeyboardShortcut.swift in Sources */ = {isa = PBXBuildFile; fileRef = 20382A612C9976580020F095 /* Extension+KeyboardShortcut.swift */; };
		20382A8B2C9976580020F095 /* Extension+CGImage.swift in Sources */ = {isa = PBXBuildFile; fileRef = 20382A622C9976580020F095 /* Extension+CGImage.swift */; };
		20382A8C2C9976580020F095 /* Extension+View.swift in Sources */ = {isa = PBXBuildFile; fileRef = 20382A632C9976580020F095 /* Extension+View.swift */; };
		20382A8D2C9976580020F095 /* Extensions+Array.swift in Sources */ = {isa = PBXBuildFile; fileRef = 20382A642C9976580020F095 /* Extensions+Array.swift */; };
		20382A8E2C9976580020F095 /* Extensions+Color.swift in Sources */ = {isa = PBXBuildFile; fileRef = 20382A652C9976580020F095 /* Extensions+Color.swift */; };
		20382A8F2C9976580020F095 /* Extensions+NSScreen.swift in Sources */ = {isa = PBXBuildFile; fileRef = 20382A662C9976580020F095 /* Extensions+NSScreen.swift */; };
		20382A902C9976580020F095 /* Extensions+NSWindow.swift in Sources */ = {isa = PBXBuildFile; fileRef = 20382A672C9976580020F095 /* Extensions+NSWindow.swift */; };
		20382A912C9976580020F095 /* Extensions+String.swift in Sources */ = {isa = PBXBuildFile; fileRef = 20382A682C9976580020F095 /* Extensions+String.swift */; };
		20382A922C9976580020F095 /* CapturedText.swift in Sources */ = {isa = PBXBuildFile; fileRef = 20382A6A2C9976580020F095 /* CapturedText.swift */; };
		20382A932C9976580020F095 /* AppDelegate.swift in Sources */ = {isa = PBXBuildFile; fileRef = 20382A6C2C9976580020F095 /* AppDelegate.swift */; };
		20382A942C9976580020F095 /* ShortcutController.swift in Sources */ = {isa = PBXBuildFile; fileRef = 20382A6D2C9976580020F095 /* ShortcutController.swift */; };
		20382A952C9976580020F095 /* TextCapturer.swift in Sources */ = {isa = PBXBuildFile; fileRef = 20382A6E2C9976580020F095 /* TextCapturer.swift */; };
		20382A962C9976580020F095 /* TranslationsController.swift in Sources */ = {isa = PBXBuildFile; fileRef = 20382A6F2C9976580020F095 /* TranslationsController.swift */; };
		20382A972C9976580020F095 /* AnnotatedTextView.swift in Sources */ = {isa = PBXBuildFile; fileRef = 20382A732C9976580020F095 /* AnnotatedTextView.swift */; };
		20382A982C9976580020F095 /* AnnotationWindowContent.swift in Sources */ = {isa = PBXBuildFile; fileRef = 20382A742C9976580020F095 /* AnnotationWindowContent.swift */; };
		20382A992C9976580020F095 /* AnnotationWindowControls.swift in Sources */ = {isa = PBXBuildFile; fileRef = 20382A752C9976580020F095 /* AnnotationWindowControls.swift */; };
		20382A9A2C9976580020F095 /* AssistiveReadToggle.swift in Sources */ = {isa = PBXBuildFile; fileRef = 20382A762C9976580020F095 /* AssistiveReadToggle.swift */; };
		20382A9B2C9976580020F095 /* ContentView.swift in Sources */ = {isa = PBXBuildFile; fileRef = 20382A772C9976580020F095 /* ContentView.swift */; };
		20382A9C2C9976580020F095 /* CopyButton.swift in Sources */ = {isa = PBXBuildFile; fileRef = 20382A782C9976580020F095 /* CopyButton.swift */; };
		20382A9D2C9976580020F095 /* GeneralSettingsView.swift in Sources */ = {isa = PBXBuildFile; fileRef = 20382A792C9976580020F095 /* GeneralSettingsView.swift */; };
		20382A9E2C9976580020F095 /* MenuBarView.swift in Sources */ = {isa = PBXBuildFile; fileRef = 20382A7A2C9976580020F095 /* MenuBarView.swift */; };
		20382A9F2C9976580020F095 /* OverlayExitButton.swift in Sources */ = {isa = PBXBuildFile; fileRef = 20382A7B2C9976580020F095 /* OverlayExitButton.swift */; };
		20382AA02C9976580020F095 /* SelectionIndicatorView.swift in Sources */ = {isa = PBXBuildFile; fileRef = 20382A7C2C9976580020F095 /* SelectionIndicatorView.swift */; };
		20382AA12C9976580020F095 /* SelectionSheetView.swift in Sources */ = {isa = PBXBuildFile; fileRef = 20382A7D2C9976580020F095 /* SelectionSheetView.swift */; };
		20382AA22C9976580020F095 /* SettingsView.swift in Sources */ = {isa = PBXBuildFile; fileRef = 20382A7E2C9976580020F095 /* SettingsView.swift */; };
		20382AA32C9976580020F095 /* TextOverlayView.swift in Sources */ = {isa = PBXBuildFile; fileRef = 20382A7F2C9976580020F095 /* TextOverlayView.swift */; };
		20382AA42C9976580020F095 /* Text_ScraperApp.swift in Sources */ = {isa = PBXBuildFile; fileRef = 20382A842C9976580020F095 /* Text_ScraperApp.swift */; };
		20382AA62C9979200020F095 /* Extension+Array.swift in Sources */ = {isa = PBXBuildFile; fileRef = 20382AA52C9979200020F095 /* Extension+Array.swift */; };
		20472F9F2C63D5C600D58B4C /* KeyboardShortcuts in Frameworks */ = {isa = PBXBuildFile; productRef = 20472F9E2C63D5C600D58B4C /* KeyboardShortcuts */; };
		20472FA22C63D60200D58B4C /* LaunchAtLogin in Frameworks */ = {isa = PBXBuildFile; productRef = 20472FA12C63D60200D58B4C /* LaunchAtLogin */; };
		209044972C642CE700F47B29 /* ExtensionKit in Frameworks */ = {isa = PBXBuildFile; productRef = 209044962C642CE700F47B29 /* ExtensionKit */; };
		209044A02C649DAE00F47B29 /* DominantColors in Frameworks */ = {isa = PBXBuildFile; productRef = 2090449F2C649DAE00F47B29 /* DominantColors */; };
		20988B1A2C772CAA0082B684 /* BezelNotification in Frameworks */ = {isa = PBXBuildFile; productRef = 20988B192C772CAA0082B684 /* BezelNotification */; };
		2098BB152C65871C00B0222F /* README.md in Resources */ = {isa = PBXBuildFile; fileRef = 2098BB142C65871C00B0222F /* README.md */; };
		2098BBC52C658AE600B0222F /* demoScreenshot.png in Resources */ = {isa = PBXBuildFile; fileRef = 2098BBC42C658AE600B0222F /* demoScreenshot.png */; };
/* End PBXBuildFile section */

/* Begin PBXFileReference section */
		20382A602C9976580020F095 /* Extension+Angle.swift */ = {isa = PBXFileReference; lastKnownFileType = sourcecode.swift; path = "Extension+Angle.swift"; sourceTree = "<group>"; };
		20382A612C9976580020F095 /* Extension+KeyboardShortcut.swift */ = {isa = PBXFileReference; lastKnownFileType = sourcecode.swift; path = "Extension+KeyboardShortcut.swift"; sourceTree = "<group>"; };
		20382A622C9976580020F095 /* Extension+CGImage.swift */ = {isa = PBXFileReference; lastKnownFileType = sourcecode.swift; path = "Extension+CGImage.swift"; sourceTree = "<group>"; };
		20382A632C9976580020F095 /* Extension+View.swift */ = {isa = PBXFileReference; lastKnownFileType = sourcecode.swift; path = "Extension+View.swift"; sourceTree = "<group>"; };
		20382A642C9976580020F095 /* Extensions+Array.swift */ = {isa = PBXFileReference; lastKnownFileType = sourcecode.swift; path = "Extensions+Array.swift"; sourceTree = "<group>"; };
		20382A652C9976580020F095 /* Extensions+Color.swift */ = {isa = PBXFileReference; lastKnownFileType = sourcecode.swift; path = "Extensions+Color.swift"; sourceTree = "<group>"; };
		20382A662C9976580020F095 /* Extensions+NSScreen.swift */ = {isa = PBXFileReference; lastKnownFileType = sourcecode.swift; path = "Extensions+NSScreen.swift"; sourceTree = "<group>"; };
		20382A672C9976580020F095 /* Extensions+NSWindow.swift */ = {isa = PBXFileReference; lastKnownFileType = sourcecode.swift; path = "Extensions+NSWindow.swift"; sourceTree = "<group>"; };
		20382A682C9976580020F095 /* Extensions+String.swift */ = {isa = PBXFileReference; lastKnownFileType = sourcecode.swift; path = "Extensions+String.swift"; sourceTree = "<group>"; };
		20382A6A2C9976580020F095 /* CapturedText.swift */ = {isa = PBXFileReference; lastKnownFileType = sourcecode.swift; path = CapturedText.swift; sourceTree = "<group>"; };
		20382A6C2C9976580020F095 /* AppDelegate.swift */ = {isa = PBXFileReference; lastKnownFileType = sourcecode.swift; path = AppDelegate.swift; sourceTree = "<group>"; };
		20382A6D2C9976580020F095 /* ShortcutController.swift */ = {isa = PBXFileReference; lastKnownFileType = sourcecode.swift; path = ShortcutController.swift; sourceTree = "<group>"; };
		20382A6E2C9976580020F095 /* TextCapturer.swift */ = {isa = PBXFileReference; lastKnownFileType = sourcecode.swift; path = TextCapturer.swift; sourceTree = "<group>"; };
		20382A6F2C9976580020F095 /* TranslationsController.swift */ = {isa = PBXFileReference; lastKnownFileType = sourcecode.swift; path = TranslationsController.swift; sourceTree = "<group>"; };
		20382A712C9976580020F095 /* Preview Assets.xcassets */ = {isa = PBXFileReference; lastKnownFileType = folder.assetcatalog; path = "Preview Assets.xcassets"; sourceTree = "<group>"; };
		20382A732C9976580020F095 /* AnnotatedTextView.swift */ = {isa = PBXFileReference; lastKnownFileType = sourcecode.swift; path = AnnotatedTextView.swift; sourceTree = "<group>"; };
		20382A742C9976580020F095 /* AnnotationWindowContent.swift */ = {isa = PBXFileReference; lastKnownFileType = sourcecode.swift; path = AnnotationWindowContent.swift; sourceTree = "<group>"; };
		20382A752C9976580020F095 /* AnnotationWindowControls.swift */ = {isa = PBXFileReference; lastKnownFileType = sourcecode.swift; path = AnnotationWindowControls.swift; sourceTree = "<group>"; };
		20382A762C9976580020F095 /* AssistiveReadToggle.swift */ = {isa = PBXFileReference; lastKnownFileType = sourcecode.swift; path = AssistiveReadToggle.swift; sourceTree = "<group>"; };
		20382A772C9976580020F095 /* ContentView.swift */ = {isa = PBXFileReference; lastKnownFileType = sourcecode.swift; path = ContentView.swift; sourceTree = "<group>"; };
		20382A782C9976580020F095 /* CopyButton.swift */ = {isa = PBXFileReference; lastKnownFileType = sourcecode.swift; path = CopyButton.swift; sourceTree = "<group>"; };
		20382A792C9976580020F095 /* GeneralSettingsView.swift */ = {isa = PBXFileReference; lastKnownFileType = sourcecode.swift; path = GeneralSettingsView.swift; sourceTree = "<group>"; };
		20382A7A2C9976580020F095 /* MenuBarView.swift */ = {isa = PBXFileReference; lastKnownFileType = sourcecode.swift; path = MenuBarView.swift; sourceTree = "<group>"; };
		20382A7B2C9976580020F095 /* OverlayExitButton.swift */ = {isa = PBXFileReference; lastKnownFileType = sourcecode.swift; path = OverlayExitButton.swift; sourceTree = "<group>"; };
		20382A7C2C9976580020F095 /* SelectionIndicatorView.swift */ = {isa = PBXFileReference; lastKnownFileType = sourcecode.swift; path = SelectionIndicatorView.swift; sourceTree = "<group>"; };
		20382A7D2C9976580020F095 /* SelectionSheetView.swift */ = {isa = PBXFileReference; lastKnownFileType = sourcecode.swift; path = SelectionSheetView.swift; sourceTree = "<group>"; };
		20382A7E2C9976580020F095 /* SettingsView.swift */ = {isa = PBXFileReference; lastKnownFileType = sourcecode.swift; path = SettingsView.swift; sourceTree = "<group>"; };
		20382A7F2C9976580020F095 /* TextOverlayView.swift */ = {isa = PBXFileReference; lastKnownFileType = sourcecode.swift; path = TextOverlayView.swift; sourceTree = "<group>"; };
		20382A812C9976580020F095 /* Assets.xcassets */ = {isa = PBXFileReference; lastKnownFileType = folder.assetcatalog; path = Assets.xcassets; sourceTree = "<group>"; };
		20382A822C9976580020F095 /* Info.plist */ = {isa = PBXFileReference; lastKnownFileType = text.plist.xml; path = Info.plist; sourceTree = "<group>"; };
		20382A832C9976580020F095 /* Text_Scraper.entitlements */ = {isa = PBXFileReference; lastKnownFileType = text.plist.entitlements; path = Text_Scraper.entitlements; sourceTree = "<group>"; };
		20382A842C9976580020F095 /* Text_ScraperApp.swift */ = {isa = PBXFileReference; lastKnownFileType = sourcecode.swift; path = Text_ScraperApp.swift; sourceTree = "<group>"; };
		20382AA52C9979200020F095 /* Extension+Array.swift */ = {isa = PBXFileReference; lastKnownFileType = sourcecode.swift; path = "Extension+Array.swift"; sourceTree = "<group>"; };
		20472F852C63CDE700D58B4C /* Text Scraper.app */ = {isa = PBXFileReference; explicitFileType = wrapper.application; includeInIndex = 0; path = "Text Scraper.app"; sourceTree = BUILT_PRODUCTS_DIR; };
		2098BB142C65871C00B0222F /* README.md */ = {isa = PBXFileReference; lastKnownFileType = net.daringfireball.markdown; path = README.md; sourceTree = "<group>"; };
		2098BBC42C658AE600B0222F /* demoScreenshot.png */ = {isa = PBXFileReference; lastKnownFileType = image.png; path = demoScreenshot.png; sourceTree = "<group>"; };
/* End PBXFileReference section */

/* Begin PBXFrameworksBuildPhase section */
		20472F822C63CDE700D58B4C /* Frameworks */ = {
			isa = PBXFrameworksBuildPhase;
			buildActionMask = 2147483647;
			files = (
				20472FA22C63D60200D58B4C /* LaunchAtLogin in Frameworks */,
				20472F9F2C63D5C600D58B4C /* KeyboardShortcuts in Frameworks */,
				20988B1A2C772CAA0082B684 /* BezelNotification in Frameworks */,
				209044A02C649DAE00F47B29 /* DominantColors in Frameworks */,
				209044972C642CE700F47B29 /* ExtensionKit in Frameworks */,
			);
			runOnlyForDeploymentPostprocessing = 0;
		};
/* End PBXFrameworksBuildPhase section */

/* Begin PBXGroup section */
		20382A692C9976580020F095 /* Extensions */ = {
			isa = PBXGroup;
			children = (
				20382A602C9976580020F095 /* Extension+Angle.swift */,
				20382A612C9976580020F095 /* Extension+KeyboardShortcut.swift */,
				20382A622C9976580020F095 /* Extension+CGImage.swift */,
				20382A632C9976580020F095 /* Extension+View.swift */,
				20382A642C9976580020F095 /* Extensions+Array.swift */,
				20382A652C9976580020F095 /* Extensions+Color.swift */,
				20382A662C9976580020F095 /* Extensions+NSScreen.swift */,
				20382A672C9976580020F095 /* Extensions+NSWindow.swift */,
				20382A682C9976580020F095 /* Extensions+String.swift */,
				20382AA52C9979200020F095 /* Extension+Array.swift */,
			);
			path = Extensions;
			sourceTree = "<group>";
		};
		20382A6B2C9976580020F095 /* Types */ = {
			isa = PBXGroup;
			children = (
				20382A6A2C9976580020F095 /* CapturedText.swift */,
			);
			path = Types;
			sourceTree = "<group>";
		};
		20382A702C9976580020F095 /* Logic */ = {
			isa = PBXGroup;
			children = (
				20382A6B2C9976580020F095 /* Types */,
				20382A6C2C9976580020F095 /* AppDelegate.swift */,
				20382A6D2C9976580020F095 /* ShortcutController.swift */,
				20382A6E2C9976580020F095 /* TextCapturer.swift */,
				20382A6F2C9976580020F095 /* TranslationsController.swift */,
			);
			path = Logic;
			sourceTree = "<group>";
		};
		20382A722C9976580020F095 /* Preview Content */ = {
			isa = PBXGroup;
			children = (
				20382A712C9976580020F095 /* Preview Assets.xcassets */,
			);
			path = "Preview Content";
			sourceTree = "<group>";
		};
		20382A802C9976580020F095 /* Views */ = {
			isa = PBXGroup;
			children = (
				20382A732C9976580020F095 /* AnnotatedTextView.swift */,
				20382A742C9976580020F095 /* AnnotationWindowContent.swift */,
				20382A752C9976580020F095 /* AnnotationWindowControls.swift */,
				20382A762C9976580020F095 /* AssistiveReadToggle.swift */,
				20382A772C9976580020F095 /* ContentView.swift */,
				20382A782C9976580020F095 /* CopyButton.swift */,
				20382A792C9976580020F095 /* GeneralSettingsView.swift */,
				20382A7A2C9976580020F095 /* MenuBarView.swift */,
				20382A7B2C9976580020F095 /* OverlayExitButton.swift */,
				20382A7C2C9976580020F095 /* SelectionIndicatorView.swift */,
				20382A7D2C9976580020F095 /* SelectionSheetView.swift */,
				20382A7E2C9976580020F095 /* SettingsView.swift */,
				20382A7F2C9976580020F095 /* TextOverlayView.swift */,
			);
			path = Views;
			sourceTree = "<group>";
		};
		20382A852C9976580020F095 /* Text Scraper */ = {
			isa = PBXGroup;
			children = (
				20382A692C9976580020F095 /* Extensions */,
				20382A702C9976580020F095 /* Logic */,
				20382A722C9976580020F095 /* Preview Content */,
				20382A802C9976580020F095 /* Views */,
				20382A812C9976580020F095 /* Assets.xcassets */,
				20382A822C9976580020F095 /* Info.plist */,
				20382A832C9976580020F095 /* Text_Scraper.entitlements */,
				20382A842C9976580020F095 /* Text_ScraperApp.swift */,
			);
			path = "Text Scraper";
			sourceTree = "<group>";
		};
		20472F7C2C63CDE700D58B4C = {
			isa = PBXGroup;
			children = (
				2098BB142C65871C00B0222F /* README.md */,
				2098BBC42C658AE600B0222F /* demoScreenshot.png */,
				20382A852C9976580020F095 /* Text Scraper */,
				20472F862C63CDE700D58B4C /* Products */,
			);
			sourceTree = "<group>";
		};
		20472F862C63CDE700D58B4C /* Products */ = {
			isa = PBXGroup;
			children = (
				20472F852C63CDE700D58B4C /* Text Scraper.app */,
			);
			name = Products;
			sourceTree = "<group>";
		};
/* End PBXGroup section */

/* Begin PBXNativeTarget section */
		20472F842C63CDE700D58B4C /* Text Scraper */ = {
			isa = PBXNativeTarget;
			buildConfigurationList = 20472F942C63CDEA00D58B4C /* Build configuration list for PBXNativeTarget "Text Scraper" */;
			buildPhases = (
				20472F812C63CDE700D58B4C /* Sources */,
				20472F822C63CDE700D58B4C /* Frameworks */,
				20472F832C63CDE700D58B4C /* Resources */,
			);
			buildRules = (
			);
			dependencies = (
			);
			name = "Text Scraper";
			packageProductDependencies = (
				20472F9E2C63D5C600D58B4C /* KeyboardShortcuts */,
				20472FA12C63D60200D58B4C /* LaunchAtLogin */,
				209044962C642CE700F47B29 /* ExtensionKit */,
				2090449F2C649DAE00F47B29 /* DominantColors */,
				20988B192C772CAA0082B684 /* BezelNotification */,
			);
			productName = Translator;
			productReference = 20472F852C63CDE700D58B4C /* Text Scraper.app */;
			productType = "com.apple.product-type.application";
		};
/* End PBXNativeTarget section */

/* Begin PBXProject section */
		20472F7D2C63CDE700D58B4C /* Project object */ = {
			isa = PBXProject;
			attributes = {
				BuildIndependentTargetsInParallel = 1;
				LastSwiftUpdateCheck = 1600;
				LastUpgradeCheck = 1600;
				TargetAttributes = {
					20472F842C63CDE700D58B4C = {
						CreatedOnToolsVersion = 16.0;
					};
				};
			};
			buildConfigurationList = 20472F802C63CDE700D58B4C /* Build configuration list for PBXProject "Text Scraper" */;
			compatibilityVersion = "Xcode 15.0";
			developmentRegion = en;
			hasScannedForEncodings = 0;
			knownRegions = (
				en,
				Base,
			);
			mainGroup = 20472F7C2C63CDE700D58B4C;
			packageReferences = (
				20472F9D2C63D5C600D58B4C /* XCRemoteSwiftPackageReference "KeyboardShortcuts" */,
				20472FA02C63D60200D58B4C /* XCRemoteSwiftPackageReference "LaunchAtLogin-Modern" */,
				209044952C642CE700F47B29 /* XCRemoteSwiftPackageReference "ExtensionKit" */,
				2090449E2C649DAE00F47B29 /* XCRemoteSwiftPackageReference "DominantColors" */,
				20988B182C772CAA0082B684 /* XCRemoteSwiftPackageReference "BezelNotification" */,
			);
			productRefGroup = 20472F862C63CDE700D58B4C /* Products */;
			projectDirPath = "";
			projectRoot = "";
			targets = (
				20472F842C63CDE700D58B4C /* Text Scraper */,
			);
		};
/* End PBXProject section */

/* Begin PBXResourcesBuildPhase section */
		20472F832C63CDE700D58B4C /* Resources */ = {
			isa = PBXResourcesBuildPhase;
			buildActionMask = 2147483647;
			files = (
				2098BBC52C658AE600B0222F /* demoScreenshot.png in Resources */,
				20382A862C9976580020F095 /* Preview Assets.xcassets in Resources */,
				20382A872C9976580020F095 /* Assets.xcassets in Resources */,
				2098BB152C65871C00B0222F /* README.md in Resources */,
			);
			runOnlyForDeploymentPostprocessing = 0;
		};
/* End PBXResourcesBuildPhase section */

/* Begin PBXSourcesBuildPhase section */
		20472F812C63CDE700D58B4C /* Sources */ = {
			isa = PBXSourcesBuildPhase;
			buildActionMask = 2147483647;
			files = (
				20382A892C9976580020F095 /* Extension+Angle.swift in Sources */,
				20382A8A2C9976580020F095 /* Extension+KeyboardShortcut.swift in Sources */,
				20382A8B2C9976580020F095 /* Extension+CGImage.swift in Sources */,
				20382A8C2C9976580020F095 /* Extension+View.swift in Sources */,
				20382A8D2C9976580020F095 /* Extensions+Array.swift in Sources */,
				20382A8E2C9976580020F095 /* Extensions+Color.swift in Sources */,
				20382A8F2C9976580020F095 /* Extensions+NSScreen.swift in Sources */,
				20382A902C9976580020F095 /* Extensions+NSWindow.swift in Sources */,
				20382A912C9976580020F095 /* Extensions+String.swift in Sources */,
				20382A922C9976580020F095 /* CapturedText.swift in Sources */,
				20382A932C9976580020F095 /* AppDelegate.swift in Sources */,
				20382A942C9976580020F095 /* ShortcutController.swift in Sources */,
				20382A952C9976580020F095 /* TextCapturer.swift in Sources */,
				20382A962C9976580020F095 /* TranslationsController.swift in Sources */,
				20382A972C9976580020F095 /* AnnotatedTextView.swift in Sources */,
				20382A982C9976580020F095 /* AnnotationWindowContent.swift in Sources */,
				20382A992C9976580020F095 /* AnnotationWindowControls.swift in Sources */,
				20382A9A2C9976580020F095 /* AssistiveReadToggle.swift in Sources */,
				20382A9B2C9976580020F095 /* ContentView.swift in Sources */,
				20382A9C2C9976580020F095 /* CopyButton.swift in Sources */,
				20382A9D2C9976580020F095 /* GeneralSettingsView.swift in Sources */,
				20382A9E2C9976580020F095 /* MenuBarView.swift in Sources */,
				20382A9F2C9976580020F095 /* OverlayExitButton.swift in Sources */,
				20382AA02C9976580020F095 /* SelectionIndicatorView.swift in Sources */,
				20382AA12C9976580020F095 /* SelectionSheetView.swift in Sources */,
				20382AA22C9976580020F095 /* SettingsView.swift in Sources */,
				20382AA32C9976580020F095 /* TextOverlayView.swift in Sources */,
				20382AA62C9979200020F095 /* Extension+Array.swift in Sources */,
				20382AA42C9976580020F095 /* Text_ScraperApp.swift in Sources */,
			);
			runOnlyForDeploymentPostprocessing = 0;
		};
/* End PBXSourcesBuildPhase section */

/* Begin XCBuildConfiguration section */
		20472F922C63CDEA00D58B4C /* Debug */ = {
			isa = XCBuildConfiguration;
			buildSettings = {
				ALWAYS_SEARCH_USER_PATHS = NO;
				ASSETCATALOG_COMPILER_GENERATE_SWIFT_ASSET_SYMBOL_EXTENSIONS = YES;
				CLANG_ANALYZER_NONNULL = YES;
				CLANG_ANALYZER_NUMBER_OBJECT_CONVERSION = YES_AGGRESSIVE;
				CLANG_CXX_LANGUAGE_STANDARD = "gnu++20";
				CLANG_ENABLE_MODULES = YES;
				CLANG_ENABLE_OBJC_ARC = YES;
				CLANG_ENABLE_OBJC_WEAK = YES;
				CLANG_WARN_BLOCK_CAPTURE_AUTORELEASING = YES;
				CLANG_WARN_BOOL_CONVERSION = YES;
				CLANG_WARN_COMMA = YES;
				CLANG_WARN_CONSTANT_CONVERSION = YES;
				CLANG_WARN_DEPRECATED_OBJC_IMPLEMENTATIONS = YES;
				CLANG_WARN_DIRECT_OBJC_ISA_USAGE = YES_ERROR;
				CLANG_WARN_DOCUMENTATION_COMMENTS = YES;
				CLANG_WARN_EMPTY_BODY = YES;
				CLANG_WARN_ENUM_CONVERSION = YES;
				CLANG_WARN_INFINITE_RECURSION = YES;
				CLANG_WARN_INT_CONVERSION = YES;
				CLANG_WARN_NON_LITERAL_NULL_CONVERSION = YES;
				CLANG_WARN_OBJC_IMPLICIT_RETAIN_SELF = YES;
				CLANG_WARN_OBJC_LITERAL_CONVERSION = YES;
				CLANG_WARN_OBJC_ROOT_CLASS = YES_ERROR;
				CLANG_WARN_QUOTED_INCLUDE_IN_FRAMEWORK_HEADER = YES;
				CLANG_WARN_RANGE_LOOP_ANALYSIS = YES;
				CLANG_WARN_STRICT_PROTOTYPES = YES;
				CLANG_WARN_SUSPICIOUS_MOVE = YES;
				CLANG_WARN_UNGUARDED_AVAILABILITY = YES_AGGRESSIVE;
				CLANG_WARN_UNREACHABLE_CODE = YES;
				CLANG_WARN__DUPLICATE_METHOD_MATCH = YES;
				COPY_PHASE_STRIP = NO;
				DEBUG_INFORMATION_FORMAT = dwarf;
				ENABLE_STRICT_OBJC_MSGSEND = YES;
				ENABLE_TESTABILITY = YES;
				ENABLE_USER_SCRIPT_SANDBOXING = YES;
				GCC_C_LANGUAGE_STANDARD = gnu17;
				GCC_DYNAMIC_NO_PIC = NO;
				GCC_NO_COMMON_BLOCKS = YES;
				GCC_OPTIMIZATION_LEVEL = 0;
				GCC_PREPROCESSOR_DEFINITIONS = (
					"DEBUG=1",
					"$(inherited)",
				);
				GCC_WARN_64_TO_32_BIT_CONVERSION = YES;
				GCC_WARN_ABOUT_RETURN_TYPE = YES_ERROR;
				GCC_WARN_UNDECLARED_SELECTOR = YES;
				GCC_WARN_UNINITIALIZED_AUTOS = YES_AGGRESSIVE;
				GCC_WARN_UNUSED_FUNCTION = YES;
				GCC_WARN_UNUSED_VARIABLE = YES;
				LOCALIZATION_PREFERS_STRING_CATALOGS = YES;
				MACOSX_DEPLOYMENT_TARGET = 15.0;
				MTL_ENABLE_DEBUG_INFO = INCLUDE_SOURCE;
				MTL_FAST_MATH = YES;
				ONLY_ACTIVE_ARCH = YES;
				SDKROOT = macosx;
				SWIFT_ACTIVE_COMPILATION_CONDITIONS = "DEBUG $(inherited)";
				SWIFT_OPTIMIZATION_LEVEL = "-Onone";
			};
			name = Debug;
		};
		20472F932C63CDEA00D58B4C /* Release */ = {
			isa = XCBuildConfiguration;
			buildSettings = {
				ALWAYS_SEARCH_USER_PATHS = NO;
				ASSETCATALOG_COMPILER_GENERATE_SWIFT_ASSET_SYMBOL_EXTENSIONS = YES;
				CLANG_ANALYZER_NONNULL = YES;
				CLANG_ANALYZER_NUMBER_OBJECT_CONVERSION = YES_AGGRESSIVE;
				CLANG_CXX_LANGUAGE_STANDARD = "gnu++20";
				CLANG_ENABLE_MODULES = YES;
				CLANG_ENABLE_OBJC_ARC = YES;
				CLANG_ENABLE_OBJC_WEAK = YES;
				CLANG_WARN_BLOCK_CAPTURE_AUTORELEASING = YES;
				CLANG_WARN_BOOL_CONVERSION = YES;
				CLANG_WARN_COMMA = YES;
				CLANG_WARN_CONSTANT_CONVERSION = YES;
				CLANG_WARN_DEPRECATED_OBJC_IMPLEMENTATIONS = YES;
				CLANG_WARN_DIRECT_OBJC_ISA_USAGE = YES_ERROR;
				CLANG_WARN_DOCUMENTATION_COMMENTS = YES;
				CLANG_WARN_EMPTY_BODY = YES;
				CLANG_WARN_ENUM_CONVERSION = YES;
				CLANG_WARN_INFINITE_RECURSION = YES;
				CLANG_WARN_INT_CONVERSION = YES;
				CLANG_WARN_NON_LITERAL_NULL_CONVERSION = YES;
				CLANG_WARN_OBJC_IMPLICIT_RETAIN_SELF = YES;
				CLANG_WARN_OBJC_LITERAL_CONVERSION = YES;
				CLANG_WARN_OBJC_ROOT_CLASS = YES_ERROR;
				CLANG_WARN_QUOTED_INCLUDE_IN_FRAMEWORK_HEADER = YES;
				CLANG_WARN_RANGE_LOOP_ANALYSIS = YES;
				CLANG_WARN_STRICT_PROTOTYPES = YES;
				CLANG_WARN_SUSPICIOUS_MOVE = YES;
				CLANG_WARN_UNGUARDED_AVAILABILITY = YES_AGGRESSIVE;
				CLANG_WARN_UNREACHABLE_CODE = YES;
				CLANG_WARN__DUPLICATE_METHOD_MATCH = YES;
				COPY_PHASE_STRIP = NO;
				DEBUG_INFORMATION_FORMAT = "dwarf-with-dsym";
				ENABLE_NS_ASSERTIONS = NO;
				ENABLE_STRICT_OBJC_MSGSEND = YES;
				ENABLE_USER_SCRIPT_SANDBOXING = YES;
				GCC_C_LANGUAGE_STANDARD = gnu17;
				GCC_NO_COMMON_BLOCKS = YES;
				GCC_WARN_64_TO_32_BIT_CONVERSION = YES;
				GCC_WARN_ABOUT_RETURN_TYPE = YES_ERROR;
				GCC_WARN_UNDECLARED_SELECTOR = YES;
				GCC_WARN_UNINITIALIZED_AUTOS = YES_AGGRESSIVE;
				GCC_WARN_UNUSED_FUNCTION = YES;
				GCC_WARN_UNUSED_VARIABLE = YES;
				LOCALIZATION_PREFERS_STRING_CATALOGS = YES;
				MACOSX_DEPLOYMENT_TARGET = 15.0;
				MTL_ENABLE_DEBUG_INFO = NO;
				MTL_FAST_MATH = YES;
				SDKROOT = macosx;
				SWIFT_COMPILATION_MODE = wholemodule;
			};
			name = Release;
		};
		20472F952C63CDEA00D58B4C /* Debug */ = {
			isa = XCBuildConfiguration;
			buildSettings = {
				ASSETCATALOG_COMPILER_APPICON_NAME = AppIcon;
				ASSETCATALOG_COMPILER_GLOBAL_ACCENT_COLOR_NAME = AccentColor;
				CODE_SIGN_ENTITLEMENTS = "Text Scraper/Text_Scraper.entitlements";
				CODE_SIGN_STYLE = Automatic;
				COMBINE_HIDPI_IMAGES = YES;
				CURRENT_PROJECT_VERSION = 1;
				DEVELOPMENT_ASSET_PATHS = "\"Text Scraper/Preview Content\"";
				DEVELOPMENT_TEAM = KM2C4ZAVPJ;
				ENABLE_HARDENED_RUNTIME = YES;
				ENABLE_PREVIEWS = YES;
				GENERATE_INFOPLIST_FILE = YES;
				INFOPLIST_FILE = "Text Scraper/Info.plist";
				INFOPLIST_KEY_LSApplicationCategoryType = "public.app-category.utilities";
				INFOPLIST_KEY_LSUIElement = YES;
				INFOPLIST_KEY_NSHumanReadableCopyright = "";
				LD_RUNPATH_SEARCH_PATHS = (
					"$(inherited)",
					"@executable_path/../Frameworks",
				);
				MACOSX_DEPLOYMENT_TARGET = 14.0;
				MARKETING_VERSION = 1.0;
				PRODUCT_BUNDLE_IDENTIFIER = com.pattonium.scripts.Translator;
				PRODUCT_NAME = "$(TARGET_NAME)";
				SWIFT_EMIT_LOC_STRINGS = YES;
				SWIFT_OPTIMIZATION_LEVEL = "-O";
				SWIFT_VERSION = 5.0;
			};
			name = Debug;
		};
		20472F962C63CDEA00D58B4C /* Release */ = {
			isa = XCBuildConfiguration;
			buildSettings = {
				ASSETCATALOG_COMPILER_APPICON_NAME = AppIcon;
				ASSETCATALOG_COMPILER_GLOBAL_ACCENT_COLOR_NAME = AccentColor;
				CODE_SIGN_ENTITLEMENTS = "Text Scraper/Text_Scraper.entitlements";
				CODE_SIGN_STYLE = Automatic;
				COMBINE_HIDPI_IMAGES = YES;
				CURRENT_PROJECT_VERSION = 1;
				DEVELOPMENT_ASSET_PATHS = "\"Text Scraper/Preview Content\"";
				DEVELOPMENT_TEAM = KM2C4ZAVPJ;
				ENABLE_HARDENED_RUNTIME = YES;
				ENABLE_PREVIEWS = YES;
				GENERATE_INFOPLIST_FILE = YES;
				INFOPLIST_FILE = "Text Scraper/Info.plist";
				INFOPLIST_KEY_LSApplicationCategoryType = "public.app-category.utilities";
				INFOPLIST_KEY_LSUIElement = YES;
				INFOPLIST_KEY_NSHumanReadableCopyright = "";
				LD_RUNPATH_SEARCH_PATHS = (
					"$(inherited)",
					"@executable_path/../Frameworks",
				);
				MACOSX_DEPLOYMENT_TARGET = 14.0;
				MARKETING_VERSION = 1.0;
				PRODUCT_BUNDLE_IDENTIFIER = com.pattonium.scripts.Translator;
				PRODUCT_NAME = "$(TARGET_NAME)";
				SWIFT_EMIT_LOC_STRINGS = YES;
				SWIFT_VERSION = 5.0;
			};
			name = Release;
		};
/* End XCBuildConfiguration section */

/* Begin XCConfigurationList section */
		20472F802C63CDE700D58B4C /* Build configuration list for PBXProject "Text Scraper" */ = {
			isa = XCConfigurationList;
			buildConfigurations = (
				20472F922C63CDEA00D58B4C /* Debug */,
				20472F932C63CDEA00D58B4C /* Release */,
			);
			defaultConfigurationIsVisible = 0;
			defaultConfigurationName = Release;
		};
		20472F942C63CDEA00D58B4C /* Build configuration list for PBXNativeTarget "Text Scraper" */ = {
			isa = XCConfigurationList;
			buildConfigurations = (
				20472F952C63CDEA00D58B4C /* Debug */,
				20472F962C63CDEA00D58B4C /* Release */,
			);
			defaultConfigurationIsVisible = 0;
			defaultConfigurationName = Release;
		};
/* End XCConfigurationList section */

/* Begin XCRemoteSwiftPackageReference section */
		20472F9D2C63D5C600D58B4C /* XCRemoteSwiftPackageReference "KeyboardShortcuts" */ = {
			isa = XCRemoteSwiftPackageReference;
			repositoryURL = "https://github.com/sindresorhus/KeyboardShortcuts";
			requirement = {
				kind = upToNextMajorVersion;
				minimumVersion = 2.0.1;
			};
		};
		20472FA02C63D60200D58B4C /* XCRemoteSwiftPackageReference "LaunchAtLogin-Modern" */ = {
			isa = XCRemoteSwiftPackageReference;
			repositoryURL = "https://github.com/sindresorhus/LaunchAtLogin-Modern";
			requirement = {
				branch = main;
				kind = branch;
			};
		};
		209044952C642CE700F47B29 /* XCRemoteSwiftPackageReference "ExtensionKit" */ = {
			isa = XCRemoteSwiftPackageReference;
			repositoryURL = "https://github.com/johnbean393/ExtensionKit";
			requirement = {
				branch = main;
				kind = branch;
			};
		};
		2090449E2C649DAE00F47B29 /* XCRemoteSwiftPackageReference "DominantColors" */ = {
			isa = XCRemoteSwiftPackageReference;
			repositoryURL = "https://github.com/DenDmitriev/DominantColors";
			requirement = {
				kind = upToNextMajorVersion;
				minimumVersion = 1.2.0;
			};
		};
		20988B182C772CAA0082B684 /* XCRemoteSwiftPackageReference "BezelNotification" */ = {
			isa = XCRemoteSwiftPackageReference;
			repositoryURL = "https://github.com/Yalir/BezelNotification.git";
			requirement = {
				kind = upToNextMajorVersion;
				minimumVersion = 1.1.0;
			};
		};
/* End XCRemoteSwiftPackageReference section */

/* Begin XCSwiftPackageProductDependency section */
		20472F9E2C63D5C600D58B4C /* KeyboardShortcuts */ = {
			isa = XCSwiftPackageProductDependency;
			package = 20472F9D2C63D5C600D58B4C /* XCRemoteSwiftPackageReference "KeyboardShortcuts" */;
			productName = KeyboardShortcuts;
		};
		20472FA12C63D60200D58B4C /* LaunchAtLogin */ = {
			isa = XCSwiftPackageProductDependency;
			package = 20472FA02C63D60200D58B4C /* XCRemoteSwiftPackageReference "LaunchAtLogin-Modern" */;
			productName = LaunchAtLogin;
		};
		209044962C642CE700F47B29 /* ExtensionKit */ = {
			isa = XCSwiftPackageProductDependency;
			package = 209044952C642CE700F47B29 /* XCRemoteSwiftPackageReference "ExtensionKit" */;
			productName = ExtensionKit;
		};
		2090449F2C649DAE00F47B29 /* DominantColors */ = {
			isa = XCSwiftPackageProductDependency;
			package = 2090449E2C649DAE00F47B29 /* XCRemoteSwiftPackageReference "DominantColors" */;
			productName = DominantColors;
		};
		20988B192C772CAA0082B684 /* BezelNotification */ = {
			isa = XCSwiftPackageProductDependency;
			package = 20988B182C772CAA0082B684 /* XCRemoteSwiftPackageReference "BezelNotification" */;
			productName = BezelNotification;
		};
/* End XCSwiftPackageProductDependency section */
	};
	rootObject = 20472F7D2C63CDE700D58B4C /* Project object */;
}
